
Microsoft Visual Studio Solution File, Format Version 12.00
# Visual Studio Version 16
VisualStudioVersion = 16.0.31729.503
MinimumVisualStudioVersion = 10.0.40219.1
Project("{FAE04EC0-301F-11D3-BF4B-00C04F79EFBC}") = "Dinner Project", "Dinner Project\Dinner Project.csproj", "{715344E9-A534-4302-84C2-5816CF923E18}"
EndProject
Global
	GlobalSection(SolutionConfigurationPlatforms) = preSolution
		Debug|Any CPU = Debug|Any CPU
		Release|Any CPU = Release|Any CPU
	EndGlobalSection
	GlobalSection(ProjectConfigurationPlatforms) = postSolution
		{715344E9-A534-4302-84C2-5816CF923E18}.Debug|Any CPU.ActiveCfg = Debug|Any CPU
		{715344E9-A534-4302-84C2-5816CF923E18}.Debug|Any CPU.Build.0 = Debug|Any CPU
		{715344E9-A534-4302-84C2-5816CF923E18}.Release|Any CPU.ActiveCfg = Release|Any CPU
		{715344E9-A534-4302-84C2-5816CF923E18}.Release|Any CPU.Build.0 = Release|Any CPU
	EndGlobalSection
	GlobalSection(SolutionProperties) = preSolution
		HideSolutionNode = FALSE
	EndGlobalSection
	GlobalSection(ExtensibilityGlobals) = postSolution
		SolutionGuid = {7037F728-09FE-4432-8A63-61235E48AC4D}
	EndGlobalSection
EndGlobal
